# This file was autogenerated by Stack.
# You should not edit this file by hand.
# For more information, please see the documentation at:
#   https://docs.haskellstack.org/en/stable/lock_files

packages:
- completed:
    name: ema
    version: 0.7.2.0
    git: https://github.com/EmaApps/ema.git
    pantry-tree:
      size: 4365
      sha256: 49913a85fb2ee334df2ae8dfe59713351dd666238583f532e937204183dac7ee
    commit: a1c7932c99d8f8e4e3689278558c67429b1369a1
  original:
    git: https://github.com/EmaApps/ema.git
    commit: a1c7932c99d8f8e4e3689278558c67429b1369a1
- completed:
    hackage: lvar-0.1.0.0@sha256:e901135387866b01deac6a643498682a5692bb2b59089b66bd2142018160908b,1298
    pantry-tree:
      size: 259
      sha256: 502e4629ec310a9923be353141cb39277f23216a3a2dd2f1d281c13d538113fd
  original:
    hackage: lvar-0.1.0.0@sha256:e901135387866b01deac6a643498682a5692bb2b59089b66bd2142018160908b,1298
- completed:
    hackage: monad-logger-extras-0.1.1.1@sha256:60f74705d7f2f2bec317adc9ac997b4a0915c155d3ffcd103a24f0b0d38ffaf1,1606
    pantry-tree:
      size: 465
      sha256: 9ff5de7d040727cdad16e68d2af72e6bfcc1e27fbe5afe0714c61bbdc2bbcae3
  original:
    hackage: monad-logger-extras-0.1.1.1@sha256:60f74705d7f2f2bec317adc9ac997b4a0915c155d3ffcd103a24f0b0d38ffaf1,1606
- completed:
    hackage: unionmount-0.2.0.0@sha256:75e962ee8b9d9e0a57c2742a831856c691e305acb5e4e1aed6850fe131b2eb9d,1481
    pantry-tree:
      size: 222
      sha256: 71f68edf76ace5cb41e320dcdbab73ea7980f3c2120bd28060172c421f625f8f
  original:
    hackage: unionmount-0.2.0.0@sha256:75e962ee8b9d9e0a57c2742a831856c691e305acb5e4e1aed6850fe131b2eb9d,1481
- completed:
    hackage: url-slug-0.1.0.0@sha256:a3882512dab36f71d556eabe26fcd99483819e56a3e1f3b58183c9041203d402,1956
    pantry-tree:
      size: 217
      sha256: a13b4d214dbc8ce6f93353e0c86c607a3ea78f2ed96ec4bc6e258e1629ffb203
  original:
    hackage: url-slug-0.1.0.0@sha256:a3882512dab36f71d556eabe26fcd99483819e56a3e1f3b58183c9041203d402,1956
- completed:
    hackage: relude-1.1.0.0@sha256:fe82b67d4560b9eff8d7dd12c5e1f786b25d52d64f7302ad82a3bbec9a0bd55e,11747
    pantry-tree:
      size: 4286
      sha256: 1482f23099d4b66e2db69e90403456c51cd2573bb0f3e51b86d449c3cf47ebc8
  original:
    hackage: relude-1.1.0.0@sha256:fe82b67d4560b9eff8d7dd12c5e1f786b25d52d64f7302ad82a3bbec9a0bd55e,11747
snapshots:
- completed:
    size: 590100
    url: https://raw.githubusercontent.com/commercialhaskell/stackage-snapshots/master/lts/18/28.yaml
    sha256: 428ec8d5ce932190d3cbe266b9eb3c175cd81e984babf876b64019e2cbe4ea68
  original: lts-18.28
